
Microsoft Visual Studio Solution File, Format Version 12.00
# Visual Studio Version 17
VisualStudioVersion = 17.11.35312.102
MinimumVisualStudioVersion = 10.0.40219.1
Project("{9A19103F-16F7-4668-BE54-9A1E7A4F7556}") = "PublicHolidayAPI", "PublicHolidayAPI\PublicHolidayAPI.csproj", "{E485010C-0908-41B3-A38C-7C5FD4987C59}"
EndProject
Project("{E53339B2-1760-4266-BCC7-CA923CBCF16C}") = "docker-compose", "docker-compose.dcproj", "{5C339AB5-FA8F-4CFE-99F9-8382E59848D0}"
EndProject
Project("{9A19103F-16F7-4668-BE54-9A1E7A4F7556}") = "PublicHolidayAPI.Tests", "..\PublicHolidayAPI.Tests\PublicHolidayAPI.Tests.csproj", "{1A26E0FF-4608-4D44-BF5B-E2229F254558}"
EndProject
Global
	GlobalSection(SolutionConfigurationPlatforms) = preSolution
		Debug|Any CPU = Debug|Any CPU
		Release|Any CPU = Release|Any CPU
	EndGlobalSection
	GlobalSection(ProjectConfigurationPlatforms) = postSolution
		{E485010C-0908-41B3-A38C-7C5FD4987C59}.Debug|Any CPU.ActiveCfg = Debug|Any CPU
		{E485010C-0908-41B3-A38C-7C5FD4987C59}.Debug|Any CPU.Build.0 = Debug|Any CPU
		{E485010C-0908-41B3-A38C-7C5FD4987C59}.Release|Any CPU.ActiveCfg = Release|Any CPU
		{E485010C-0908-41B3-A38C-7C5FD4987C59}.Release|Any CPU.Build.0 = Release|Any CPU
		{5C339AB5-FA8F-4CFE-99F9-8382E59848D0}.Debug|Any CPU.ActiveCfg = Debug|Any CPU
		{5C339AB5-FA8F-4CFE-99F9-8382E59848D0}.Debug|Any CPU.Build.0 = Debug|Any CPU
		{5C339AB5-FA8F-4CFE-99F9-8382E59848D0}.Release|Any CPU.ActiveCfg = Release|Any CPU
		{5C339AB5-FA8F-4CFE-99F9-8382E59848D0}.Release|Any CPU.Build.0 = Release|Any CPU
		{1A26E0FF-4608-4D44-BF5B-E2229F254558}.Debug|Any CPU.ActiveCfg = Debug|Any CPU
		{1A26E0FF-4608-4D44-BF5B-E2229F254558}.Debug|Any CPU.Build.0 = Debug|Any CPU
		{1A26E0FF-4608-4D44-BF5B-E2229F254558}.Release|Any CPU.ActiveCfg = Release|Any CPU
		{1A26E0FF-4608-4D44-BF5B-E2229F254558}.Release|Any CPU.Build.0 = Release|Any CPU
	EndGlobalSection
	GlobalSection(SolutionProperties) = preSolution
		HideSolutionNode = FALSE
	EndGlobalSection
	GlobalSection(ExtensibilityGlobals) = postSolution
		SolutionGuid = {4F957DCE-E734-4753-A243-CF579ABBD58D}
	EndGlobalSection
EndGlobal
